
Microsoft Visual Studio Solution File, Format Version 12.00
Project("{FAE04EC0-301F-11D3-BF4B-00C04F79EFBC}") = "Roman Numeral Converter", "Roman Numeral Converter\Roman Numeral Converter.csproj", "{F2BD49C5-97AD-48E9-9C65-FF877AA3006D}"
EndProject
Global
	GlobalSection(SolutionConfigurationPlatforms) = preSolution
		Debug|Any CPU = Debug|Any CPU
		Release|Any CPU = Release|Any CPU
	EndGlobalSection
	GlobalSection(ProjectConfigurationPlatforms) = postSolution
		{F2BD49C5-97AD-48E9-9C65-FF877AA3006D}.Debug|Any CPU.ActiveCfg = Debug|Any CPU
		{F2BD49C5-97AD-48E9-9C65-FF877AA3006D}.Debug|Any CPU.Build.0 = Debug|Any CPU
		{F2BD49C5-97AD-48E9-9C65-FF877AA3006D}.Release|Any CPU.ActiveCfg = Release|Any CPU
		{F2BD49C5-97AD-48E9-9C65-FF877AA3006D}.Release|Any CPU.Build.0 = Release|Any CPU
	EndGlobalSection
EndGlobal
